
Microsoft Visual Studio Solution File, Format Version 12.00
# Visual Studio 15
Project("{FAE04EC0-301F-11D3-BF4B-00C04F79EFBC}") = "Assembly-CSharp", "Assembly-CSharp.csproj", "{87CFE8C4-229D-A85E-0FE4-5EED704776D8}"
EndProject
Project("{FAE04EC0-301F-11D3-BF4B-00C04F79EFBC}") = "Assembly-CSharp-Editor", "Assembly-CSharp-Editor.csproj", "{9097A590-D79F-3D9A-09B1-25BB54AB6F43}"
EndProject
Project("{FAE04EC0-301F-11D3-BF4B-00C04F79EFBC}") = "Mars pioneer Hero arise.Editor", "Mars pioneer Hero arise.Editor.csproj", "{342809ED-09BB-DDEF-ECB2-E679E372BFF2}"
EndProject
Global
	GlobalSection(SolutionConfigurationPlatforms) = preSolution
		Debug|Any CPU = Debug|Any CPU
		Release|Any CPU = Release|Any CPU
	EndGlobalSection
	GlobalSection(ProjectConfigurationPlatforms) = postSolution

		{C11473BB-B726-445F-6952-5FB011FBDBEA}.Debug|Any CPU.ActiveCfg = Debug|Any CPU
		{C11473BB-B726-445F-6952-5FB011FBDBEA}.Debug|Any CPU.Build.0 = Debug|Any CPU
		{C11473BB-B726-445F-6952-5FB011FBDBEA}.Release|Any CPU.ActiveCfg = Release|Any CPU
		{C11473BB-B726-445F-6952-5FB011FBDBEA}.Release|Any CPU.Build.0 = Release|Any CPU
		{342809ED-09BB-DDEF-ECB2-E679E372BFF2}.Debug|Any CPU.ActiveCfg = Debug|Any CPU
		{342809ED-09BB-DDEF-ECB2-E679E372BFF2}.Debug|Any CPU.Build.0 = Debug|Any CPU
		{342809ED-09BB-DDEF-ECB2-E679E372BFF2}.Release|Any CPU.ActiveCfg = Release|Any CPU
		{342809ED-09BB-DDEF-ECB2-E679E372BFF2}.Release|Any CPU.Build.0 = Release|Any CPU
	EndGlobalSection
	GlobalSection(SolutionProperties) = preSolution
		HideSolutionNode = FALSE
	EndGlobalSection
EndGlobal
