
Microsoft Visual Studio Solution File, Format Version 11.00
# Visual Studio 2010
Project("{FAE04EC0-301F-11D3-BF4B-00C04F79EFBC}") = "Assembly-CSharp-Editor", "Assembly-CSharp-Editor.csproj", "{9097A590-D79F-3D9A-09B1-25BB54AB6F43}"
EndProject
Project("{FAE04EC0-301F-11D3-BF4B-00C04F79EFBC}") = "Assembly-CSharp", "Assembly-CSharp.csproj", "{87CFE8C4-229D-A85E-0FE4-5EED704776D8}"
EndProject
Global
	GlobalSection(SolutionConfigurationPlatforms) = preSolution
		Debug|Any CPU = Debug|Any CPU
		Release|Any CPU = Release|Any CPU
	EndGlobalSection
	GlobalSection(ProjectConfigurationPlatforms) = postSolution
		{9097A590-D79F-3D9A-09B1-25BB54AB6F43}.Debug|Any CPU.ActiveCfg = Debug|Any CPU
		{9097A590-D79F-3D9A-09B1-25BB54AB6F43}.Debug|Any CPU.Build.0 = Debug|Any CPU
		{9097A590-D79F-3D9A-09B1-25BB54AB6F43}.Release|Any CPU.ActiveCfg = Release|Any CPU
		{9097A590-D79F-3D9A-09B1-25BB54AB6F43}.Release|Any CPU.Build.0 = Release|Any CPU
		{87CFE8C4-229D-A85E-0FE4-5EED704776D8}.Debug|Any CPU.ActiveCfg = Debug|Any CPU
		{87CFE8C4-229D-A85E-0FE4-5EED704776D8}.Debug|Any CPU.Build.0 = Debug|Any CPU
		{87CFE8C4-229D-A85E-0FE4-5EED704776D8}.Release|Any CPU.ActiveCfg = Release|Any CPU
		{87CFE8C4-229D-A85E-0FE4-5EED704776D8}.Release|Any CPU.Build.0 = Release|Any CPU
	EndGlobalSection
	GlobalSection(SolutionProperties) = preSolution
		HideSolutionNode = FALSE
	EndGlobalSection
	GlobalSection(MonoDevelopProperties) = preSolution
		StartupItem = Assembly-CSharp.csproj
	EndGlobalSection
EndGlobal
